Microsoft Visual Studio Solution File, Format Version 12.00
# Visual Studio Version 17
VisualStudioVersion = 17.5.2.0
MinimumVisualStudioVersion = 10.0.40219.1
Project("{2150E333-8FDC-42A3-9474-1A3956D46DE8}") = "Jornada_Laboral", "Jornada_Laboral", "{CFF3C14F-157A-32C0-E834-D396E2FFBEBF}"
EndProject
Project("{FAE04EC0-301F-11D3-BF4B-00C04F79EFBC}") = "JornadaLaboral.API", "Jornada_Laboral\JornadaLaboral.API\JornadaLaboral.API.csproj", "{C7F79805-760D-E545-07E8-D4BEC250FB9D}"
EndProject
Global
	GlobalSection(SolutionConfigurationPlatforms) = preSolution
		Debug|Any CPU = Debug|Any CPU
		Release|Any CPU = Release|Any CPU
	EndGlobalSection
	GlobalSection(ProjectConfigurationPlatforms) = postSolution
		{C7F79805-760D-E545-07E8-D4BEC250FB9D}.Debug|Any CPU.ActiveCfg = Debug|Any CPU
		{C7F79805-760D-E545-07E8-D4BEC250FB9D}.Debug|Any CPU.Build.0 = Debug|Any CPU
		{C7F79805-760D-E545-07E8-D4BEC250FB9D}.Release|Any CPU.ActiveCfg = Release|Any CPU
		{C7F79805-760D-E545-07E8-D4BEC250FB9D}.Release|Any CPU.Build.0 = Release|Any CPU
	EndGlobalSection
	GlobalSection(SolutionProperties) = preSolution
		HideSolutionNode = FALSE
	EndGlobalSection
	GlobalSection(NestedProjects) = preSolution
		{C7F79805-760D-E545-07E8-D4BEC250FB9D} = {CFF3C14F-157A-32C0-E834-D396E2FFBEBF}
	EndGlobalSection
	GlobalSection(ExtensibilityGlobals) = postSolution
		SolutionGuid = {3BF0D125-E8CA-46A6-A849-966ECAF437F6}
	EndGlobalSection
EndGlobal
